
Microsoft Visual Studio Solution File, Format Version 12.00
# Visual Studio 15
VisualStudioVersion = 15.0.26430.16
MinimumVisualStudioVersion = 10.0.40219.1
Project("{E24C65DC-7377-472B-9ABA-BC803B73C61A}") = "WebSite1(1)", "WebSite1\", "{2027B0D3-64AE-428F-B88E-5C116FBCD6AD}"
	ProjectSection(WebsiteProperties) = preProject
		TargetFrameworkMoniker = ".NETFramework,Version%3Dv4.5"
		Debug.AspNetCompiler.VirtualPath = "/localhost_49790"
		Debug.AspNetCompiler.PhysicalPath = "..\..\..\..\..\Public\Documents\Hannah\healthcare website\WebSite1\"
		Debug.AspNetCompiler.TargetPath = "PrecompiledWeb\localhost_49790\"
		Debug.AspNetCompiler.Updateable = "true"
		Debug.AspNetCompiler.ForceOverwrite = "true"
		Debug.AspNetCompiler.FixedNames = "false"
		Debug.AspNetCompiler.Debug = "True"
		Release.AspNetCompiler.VirtualPath = "/localhost_49790"
		Release.AspNetCompiler.PhysicalPath = "..\..\..\..\..\Public\Documents\Hannah\healthcare website\WebSite1\"
		Release.AspNetCompiler.TargetPath = "PrecompiledWeb\localhost_49790\"
		Release.AspNetCompiler.Updateable = "true"
		Release.AspNetCompiler.ForceOverwrite = "true"
		Release.AspNetCompiler.FixedNames = "false"
		Release.AspNetCompiler.Debug = "False"
		VWDPort = "49790"
	EndProjectSection
EndProject
Global
	GlobalSection(SolutionConfigurationPlatforms) = preSolution
		Debug|Any CPU = Debug|Any CPU
	EndGlobalSection
	GlobalSection(ProjectConfigurationPlatforms) = postSolution
		{2027B0D3-64AE-428F-B88E-5C116FBCD6AD}.Debug|Any CPU.ActiveCfg = Debug|Any CPU
		{2027B0D3-64AE-428F-B88E-5C116FBCD6AD}.Debug|Any CPU.Build.0 = Debug|Any CPU
	EndGlobalSection
	GlobalSection(SolutionProperties) = preSolution
		HideSolutionNode = FALSE
	EndGlobalSection
EndGlobal
